PODS:
  - AudioKit/UI (4.1)
  - GoogleAPIClientForREST/Core (1.2.1):
    - GTMSessionFetcher (>= 1.1.7)
  - GoogleAPIClientForREST/Drive (1.2.1):
    - GoogleAPIClientForREST/Core
    - GTMSessionFetcher (>= 1.1.7)
  - GoogleSignIn (4.1.2):
    - GoogleToolboxForMac/NSDictionary+URLArguments (~> 2.1)
    - GoogleToolboxForMac/NSString+URLArguments (~> 2.1)
    - GTMOAuth2 (~> 1.0)
    - GTMSessionFetcher/Core (~> 1.1)
  - GoogleToolboxForMac/DebugUtils (2.1.4):
    - GoogleToolboxForMac/Defines (= 2.1.4)
  - GoogleToolboxForMac/Defines (2.1.4)
  - GoogleToolboxForMac/NSDictionary+URLArguments (2.1.4):
    - GoogleToolboxForMac/DebugUtils (= 2.1.4)
    - GoogleToolboxForMac/Defines (= 2.1.4)
    - GoogleToolboxForMac/NSString+URLArguments (= 2.1.4)
  - GoogleToolboxForMac/NSString+URLArguments (2.1.4)
  - GTMOAuth2 (1.1.6):
    - GTMSessionFetcher (~> 1.1)
  - GTMSessionFetcher (1.2.0):
    - GTMSessionFetcher/Full (= 1.2.0)
  - GTMSessionFetcher/Core (1.2.0)
  - GTMSessionFetcher/Full (1.2.0):
    - GTMSessionFetcher/Core (= 1.2.0)

DEPENDENCIES:
  - AudioKit/UI (~> 4.1)
  - GoogleAPIClientForREST/Drive (~> 1.2.1)
  - GoogleSignIn (~> 4.1.1)

SPEC CHECKSUMS:
  AudioKit: 0bb2b3e61e4ac908fe576ad7a1d89c597156bb47
  GoogleAPIClientForREST: a8b95a252014ce2e618df6b75dc72eca2c00b4af
  GoogleSignIn: d9ef55b10f0aa401a5de2747f59b725e4b9732ac
  GoogleToolboxForMac: 91c824d21e85b31c2aae9bb011c5027c9b4e738f
  GTMOAuth2: c77fe325e4acd453837e72d91e3b5f13116857b2
  GTMSessionFetcher: 0c4baf0a73acd0041bf9f71ea018deedab5ea84e

PODFILE CHECKSUM: 43c21edd6d4e5cb1aee394d2de262b6ed9db36b0

COCOAPODS: 1.4.0
