// !$*UTF8*$!
{
	archiveVersion = 1;
	classes = {
	};
	objectVersion = 48;
	objects = {

/* Begin PBXBuildFile section */
		5D249A0D20538AAE00B65029 /* HighlightsViewController.swift in Sources */ = {isa = PBXBuildFile; fileRef = 5D249A0C20538AAE00B65029 /* HighlightsViewController.swift */; };
		5D5E9440213908F0001C052D /* Security.framework in Frameworks */ = {isa = PBXBuildFile; fileRef = 5D5E943F213908F0001C052D /* Security.framework */; };
		5D5E9442213908FE001C052D /* SystemConfiguration.framework in Frameworks */ = {isa = PBXBuildFile; fileRef = 5D5E9441213908FE001C052D /* SystemConfiguration.framework */; };
		5D6924AC206EF6C8009B47B9 /* UndeterminedPermissionViewController.swift in Sources */ = {isa = PBXBuildFile; fileRef = 5D6924AB206EF6C8009B47B9 /* UndeterminedPermissionViewController.swift */; };
		5D77DD4B205397BE000FC2C3 /* HomeViewController.swift in Sources */ = {isa = PBXBuildFile; fileRef = 5D77DD4A205397BE000FC2C3 /* HomeViewController.swift */; };
		5D79EFE3204F1599008DBC65 /* HighlightEntity+CoreDataClass.swift in Sources */ = {isa = PBXBuildFile; fileRef = 5D79EFE1204F1599008DBC65 /* HighlightEntity+CoreDataClass.swift */; };
		5D79EFE4204F1599008DBC65 /* HighlightEntity+CoreDataProperties.swift in Sources */ = {isa = PBXBuildFile; fileRef = 5D79EFE2204F1599008DBC65 /* HighlightEntity+CoreDataProperties.swift */; };
		5D7F3D532082CF4300F9D7F1 /* InfoPageViewController.swift in Sources */ = {isa = PBXBuildFile; fileRef = 5D7F3D522082CF4300F9D7F1 /* InfoPageViewController.swift */; };
		5D7F3D562082D2C000F9D7F1 /* ExpandInfoViewController.swift in Sources */ = {isa = PBXBuildFile; fileRef = 5D7F3D552082D2C000F9D7F1 /* ExpandInfoViewController.swift */; };
		5D7F3D582082D2E900F9D7F1 /* BackgroundInfoViewController.swift in Sources */ = {isa = PBXBuildFile; fileRef = 5D7F3D572082D2E900F9D7F1 /* BackgroundInfoViewController.swift */; };
		5D7F3D5A2082D30000F9D7F1 /* InitialInfoViewController.swift in Sources */ = {isa = PBXBuildFile; fileRef = 5D7F3D592082D30000F9D7F1 /* InitialInfoViewController.swift */; };
		5D7F3D5C2082D30F00F9D7F1 /* RecordInfoViewController.swift in Sources */ = {isa = PBXBuildFile; fileRef = 5D7F3D5B2082D30F00F9D7F1 /* RecordInfoViewController.swift */; };
		5D8102A720424A7C00F62B37 /* Audio.swift in Sources */ = {isa = PBXBuildFile; fileRef = 5D8102A620424A7C00F62B37 /* Audio.swift */; };
		5DABA9AE206C213200D2846F /* CustomPopupView.swift in Sources */ = {isa = PBXBuildFile; fileRef = 5DABA9AD206C213200D2846F /* CustomPopupView.swift */; };
		5DABA9B0206C224100D2846F /* CustomPopupView.xib in Resources */ = {isa = PBXBuildFile; fileRef = 5DABA9AF206C224100D2846F /* CustomPopupView.xib */; };
		5DABA9B4206C715400D2846F /* HighlightPlayerView.xib in Resources */ = {isa = PBXBuildFile; fileRef = 5DABA9B3206C715400D2846F /* HighlightPlayerView.xib */; };
		5DABA9B6206C71BA00D2846F /* HighlightPlayerView.swift in Sources */ = {isa = PBXBuildFile; fileRef = 5DABA9B5206C71BA00D2846F /* HighlightPlayerView.swift */; };
		5DD19C51207973330062A256 /* MultipleEditsView.xib in Resources */ = {isa = PBXBuildFile; fileRef = 5DD19C50207973330062A256 /* MultipleEditsView.xib */; };
		5DD19C53207974320062A256 /* MultipleEditsView.swift in Sources */ = {isa = PBXBuildFile; fileRef = 5DD19C52207974320062A256 /* MultipleEditsView.swift */; };
		5DD19C552079EF5B0062A256 /* InPhoneCallViewController.swift in Sources */ = {isa = PBXBuildFile; fileRef = 5DD19C542079EF5B0062A256 /* InPhoneCallViewController.swift */; };
		5DD7D5A8206DE58100D431C9 /* DeniedPermissionViewController.swift in Sources */ = {isa = PBXBuildFile; fileRef = 5DD7D5A7206DE58100D431C9 /* DeniedPermissionViewController.swift */; };
		5DE1BC4E205FB6E90023BACC /* ExpandedHighlightCell.swift in Sources */ = {isa = PBXBuildFile; fileRef = 5DE1BC4D205FB6E90023BACC /* ExpandedHighlightCell.swift */; };
		5DF98003205C481300579F45 /* NormalHighlightCell.swift in Sources */ = {isa = PBXBuildFile; fileRef = 5DF98002205C481300579F45 /* NormalHighlightCell.swift */; };
		C4164246205DB43900658407 /* ContinueTableViewCell.swift in Sources */ = {isa = PBXBuildFile; fileRef = C4164245205DB43900658407 /* ContinueTableViewCell.swift */; };
		C416424A205DB4E400658407 /* CustomLengthTableViewCell.swift in Sources */ = {isa = PBXBuildFile; fileRef = C4164249205DB4E400658407 /* CustomLengthTableViewCell.swift */; };
		C42BB5722041E08A00D7D4CF /* AppDelegate.swift in Sources */ = {isa = PBXBuildFile; fileRef = C42BB5712041E08A00D7D4CF /* AppDelegate.swift */; };
		C42BB57A2041E08A00D7D4CF /* Rewinder.xcdatamodeld in Sources */ = {isa = PBXBuildFile; fileRef = C42BB5782041E08A00D7D4CF /* Rewinder.xcdatamodeld */; };
		C42BB57F2041E08A00D7D4CF /* LaunchScreen.storyboard in Resources */ = {isa = PBXBuildFile; fileRef = C42BB57D2041E08A00D7D4CF /* LaunchScreen.storyboard */; };
		C42BB58A2041E08A00D7D4CF /* RewinderTests.swift in Sources */ = {isa = PBXBuildFile; fileRef = C42BB5892041E08A00D7D4CF /* RewinderTests.swift */; };
		C42BB5952041E08A00D7D4CF /* RewinderUITests.swift in Sources */ = {isa = PBXBuildFile; fileRef = C42BB5942041E08A00D7D4CF /* RewinderUITests.swift */; };
		C452530520428768000808A8 /* PageViewController.swift in Sources */ = {isa = PBXBuildFile; fileRef = C452530420428768000808A8 /* PageViewController.swift */; };
		C46D16B92042002600B1224D /* RoundButton.swift in Sources */ = {isa = PBXBuildFile; fileRef = C46D16B82042002600B1224D /* RoundButton.swift */; };
		C46E2BDA2042138C001BE43A /* Assets.xcassets in Resources */ = {isa = PBXBuildFile; fileRef = C46E2BD92042138C001BE43A /* Assets.xcassets */; };
		C46E908420607C9F00F63F96 /* FloatingActionButton.swift in Sources */ = {isa = PBXBuildFile; fileRef = C46E908320607C9F00F63F96 /* FloatingActionButton.swift */; };
		C4C524E620542E7F00C5DF95 /* Main.storyboard in Resources */ = {isa = PBXBuildFile; fileRef = C4C524E520542E7F00C5DF95 /* Main.storyboard */; };
		C4C5FFC92062F0AE00A9EA1B /* MainViewController.swift in Sources */ = {isa = PBXBuildFile; fileRef = C4C5FFC82062F0AE00A9EA1B /* MainViewController.swift */; };
		C4E048D2204C76A9007355E1 /* waveformsample.png in Resources */ = {isa = PBXBuildFile; fileRef = C4E048D1204C76A9007355E1 /* waveformsample.png */; };
		C4E987EB205C9306008FC728 /* Settings.swift in Sources */ = {isa = PBXBuildFile; fileRef = C4E987EA205C9306008FC728 /* Settings.swift */; };
		C4E98813205CA1B5008FC728 /* CircularTransition.swift in Sources */ = {isa = PBXBuildFile; fileRef = C4E98812205CA1B5008FC728 /* CircularTransition.swift */; };
/* End PBXBuildFile section */

/* Begin PBXContainerItemProxy section */
		C42BB5862041E08A00D7D4CF /* PBXContainerItemProxy */ = {
			isa = PBXContainerItemProxy;
			containerPortal = C42BB5662041E08A00D7D4CF /* Project object */;
			proxyType = 1;
			remoteGlobalIDString = C42BB56D2041E08A00D7D4CF;
			remoteInfo = Rewinder;
		};
		C42BB5912041E08A00D7D4CF /* PBXContainerItemProxy */ = {
			isa = PBXContainerItemProxy;
			containerPortal = C42BB5662041E08A00D7D4CF /* Project object */;
			proxyType = 1;
			remoteGlobalIDString = C42BB56D2041E08A00D7D4CF;
			remoteInfo = Rewinder;
		};
/* End PBXContainerItemProxy section */

/* Begin PBXCopyFilesBuildPhase section */
		5D249A1420538C0100B65029 /* Embed Frameworks */ = {
			isa = PBXCopyFilesBuildPhase;
			buildActionMask = 2147483647;
			dstPath = "";
			dstSubfolderSpec = 10;
			files = (
			);
			name = "Embed Frameworks";
			runOnlyForDeploymentPostprocessing = 0;
		};
/* End PBXCopyFilesBuildPhase section */

/* Begin PBXFileReference section */
		5D249A0C20538AAE00B65029 /* HighlightsViewController.swift */ = {isa = PBXFileReference; fileEncoding = 4; lastKnownFileType = sourcecode.swift; path = HighlightsViewController.swift; sourceTree = "<group>"; };
		5D5E943F213908F0001C052D /* Security.framework */ = {isa = PBXFileReference; lastKnownFileType = wrapper.framework; name = Security.framework; path = System/Library/Frameworks/Security.framework; sourceTree = SDKROOT; };
		5D5E9441213908FE001C052D /* SystemConfiguration.framework */ = {isa = PBXFileReference; lastKnownFileType = wrapper.framework; name = SystemConfiguration.framework; path = System/Library/Frameworks/SystemConfiguration.framework; sourceTree = SDKROOT; };
		5D6924AB206EF6C8009B47B9 /* UndeterminedPermissionViewController.swift */ = {isa = PBXFileReference; fileEncoding = 4; lastKnownFileType = sourcecode.swift; path = UndeterminedPermissionViewController.swift; sourceTree = "<group>"; };
		5D77DD4A205397BE000FC2C3 /* HomeViewController.swift */ = {isa = PBXFileReference; lastKnownFileType = sourcecode.swift; path = HomeViewController.swift; sourceTree = "<group>"; };
		5D79EFE1204F1599008DBC65 /* HighlightEntity+CoreDataClass.swift */ = {isa = PBXFileReference; lastKnownFileType = sourcecode.swift; path = "HighlightEntity+CoreDataClass.swift"; sourceTree = "<group>"; };
		5D79EFE2204F1599008DBC65 /* HighlightEntity+CoreDataProperties.swift */ = {isa = PBXFileReference; lastKnownFileType = sourcecode.swift; path = "HighlightEntity+CoreDataProperties.swift"; sourceTree = "<group>"; };
		5D7F3D522082CF4300F9D7F1 /* InfoPageViewController.swift */ = {isa = PBXFileReference; lastKnownFileType = sourcecode.swift; path = InfoPageViewController.swift; sourceTree = "<group>"; };
		5D7F3D552082D2C000F9D7F1 /* ExpandInfoViewController.swift */ = {isa = PBXFileReference; lastKnownFileType = sourcecode.swift; path = ExpandInfoViewController.swift; sourceTree = "<group>"; };
		5D7F3D572082D2E900F9D7F1 /* BackgroundInfoViewController.swift */ = {isa = PBXFileReference; lastKnownFileType = sourcecode.swift; path = BackgroundInfoViewController.swift; sourceTree = "<group>"; };
		5D7F3D592082D30000F9D7F1 /* InitialInfoViewController.swift */ = {isa = PBXFileReference; lastKnownFileType = sourcecode.swift; path = InitialInfoViewController.swift; sourceTree = "<group>"; };
		5D7F3D5B2082D30F00F9D7F1 /* RecordInfoViewController.swift */ = {isa = PBXFileReference; lastKnownFileType = sourcecode.swift; path = RecordInfoViewController.swift; sourceTree = "<group>"; };
		5D8102A620424A7C00F62B37 /* Audio.swift */ = {isa = PBXFileReference; fileEncoding = 4; lastKnownFileType = sourcecode.swift; path = Audio.swift; sourceTree = "<group>"; };
		5DABA9AD206C213200D2846F /* CustomPopupView.swift */ = {isa = PBXFileReference; lastKnownFileType = sourcecode.swift; path = CustomPopupView.swift; sourceTree = "<group>"; };
		5DABA9AF206C224100D2846F /* CustomPopupView.xib */ = {isa = PBXFileReference; lastKnownFileType = file.xib; path = CustomPopupView.xib; sourceTree = "<group>"; };
		5DABA9B3206C715400D2846F /* HighlightPlayerView.xib */ = {isa = PBXFileReference; lastKnownFileType = file.xib; path = HighlightPlayerView.xib; sourceTree = "<group>"; };
		5DABA9B5206C71BA00D2846F /* HighlightPlayerView.swift */ = {isa = PBXFileReference; lastKnownFileType = sourcecode.swift; path = HighlightPlayerView.swift; sourceTree = "<group>"; };
		5DD19C50207973330062A256 /* MultipleEditsView.xib */ = {isa = PBXFileReference; lastKnownFileType = file.xib; path = MultipleEditsView.xib; sourceTree = "<group>"; };
		5DD19C52207974320062A256 /* MultipleEditsView.swift */ = {isa = PBXFileReference; lastKnownFileType = sourcecode.swift; path = MultipleEditsView.swift; sourceTree = "<group>"; };
		5DD19C542079EF5B0062A256 /* InPhoneCallViewController.swift */ = {isa = PBXFileReference; lastKnownFileType = sourcecode.swift; path = InPhoneCallViewController.swift; sourceTree = "<group>"; };
		5DD7D5A7206DE58100D431C9 /* DeniedPermissionViewController.swift */ = {isa = PBXFileReference; lastKnownFileType = sourcecode.swift; path = DeniedPermissionViewController.swift; sourceTree = "<group>"; };
		5DE1BC4D205FB6E90023BACC /* ExpandedHighlightCell.swift */ = {isa = PBXFileReference; fileEncoding = 4; lastKnownFileType = sourcecode.swift; path = ExpandedHighlightCell.swift; sourceTree = "<group>"; };
		5DF98002205C481300579F45 /* NormalHighlightCell.swift */ = {isa = PBXFileReference; lastKnownFileType = sourcecode.swift; path = NormalHighlightCell.swift; sourceTree = "<group>"; };
		C4164245205DB43900658407 /* ContinueTableViewCell.swift */ = {isa = PBXFileReference; lastKnownFileType = sourcecode.swift; path = ContinueTableViewCell.swift; sourceTree = "<group>"; };
		C4164249205DB4E400658407 /* CustomLengthTableViewCell.swift */ = {isa = PBXFileReference; lastKnownFileType = sourcecode.swift; path = CustomLengthTableViewCell.swift; sourceTree = "<group>"; };
		C42BB56E2041E08A00D7D4CF /* Rewinder.app */ = {isa = PBXFileReference; explicitFileType = wrapper.application; includeInIndex = 0; path = Rewinder.app; sourceTree = BUILT_PRODUCTS_DIR; };
		C42BB5712041E08A00D7D4CF /* AppDelegate.swift */ = {isa = PBXFileReference; lastKnownFileType = sourcecode.swift; path = AppDelegate.swift; sourceTree = "<group>"; };
		C42BB5792041E08A00D7D4CF /* Rewinder.xcdatamodel */ = {isa = PBXFileReference; lastKnownFileType = wrapper.xcdatamodel; path = Rewinder.xcdatamodel; sourceTree = "<group>"; };
		C42BB57E2041E08A00D7D4CF /* Base */ = {isa = PBXFileReference; lastKnownFileType = file.storyboard; name = Base; path = Base.lproj/LaunchScreen.storyboard; sourceTree = "<group>"; };
		C42BB5802041E08A00D7D4CF /* Info.plist */ = {isa = PBXFileReference; lastKnownFileType = text.plist.xml; path = Info.plist; sourceTree = "<group>"; };
		C42BB5852041E08A00D7D4CF /* RewinderTests.xctest */ = {isa = PBXFileReference; explicitFileType = wrapper.cfbundle; includeInIndex = 0; path = RewinderTests.xctest; sourceTree = BUILT_PRODUCTS_DIR; };
		C42BB5892041E08A00D7D4CF /* RewinderTests.swift */ = {isa = PBXFileReference; lastKnownFileType = sourcecode.swift; path = RewinderTests.swift; sourceTree = "<group>"; };
		C42BB58B2041E08A00D7D4CF /* Info.plist */ = {isa = PBXFileReference; lastKnownFileType = text.plist.xml; path = Info.plist; sourceTree = "<group>"; };
		C42BB5902041E08A00D7D4CF /* RewinderUITests.xctest */ = {isa = PBXFileReference; explicitFileType = wrapper.cfbundle; includeInIndex = 0; path = RewinderUITests.xctest; sourceTree = BUILT_PRODUCTS_DIR; };
		C42BB5942041E08A00D7D4CF /* RewinderUITests.swift */ = {isa = PBXFileReference; lastKnownFileType = sourcecode.swift; path = RewinderUITests.swift; sourceTree = "<group>"; };
		C42BB5962041E08A00D7D4CF /* Info.plist */ = {isa = PBXFileReference; lastKnownFileType = text.plist.xml; path = Info.plist; sourceTree = "<group>"; };
		C452530420428768000808A8 /* PageViewController.swift */ = {isa = PBXFileReference; lastKnownFileType = sourcecode.swift; path = PageViewController.swift; sourceTree = "<group>"; };
		C46D16B82042002600B1224D /* RoundButton.swift */ = {isa = PBXFileReference; lastKnownFileType = sourcecode.swift; path = RoundButton.swift; sourceTree = "<group>"; };
		C46E2BD92042138C001BE43A /* Assets.xcassets */ = {isa = PBXFileReference; lastKnownFileType = folder.assetcatalog; path = Assets.xcassets; sourceTree = "<group>"; };
		C46E908320607C9F00F63F96 /* FloatingActionButton.swift */ = {isa = PBXFileReference; lastKnownFileType = sourcecode.swift; path = FloatingActionButton.swift; sourceTree = "<group>"; };
		C4C524E520542E7F00C5DF95 /* Main.storyboard */ = {isa = PBXFileReference; fileEncoding = 4; lastKnownFileType = file.storyboard; path = Main.storyboard; sourceTree = "<group>"; };
		C4C5FFC82062F0AE00A9EA1B /* MainViewController.swift */ = {isa = PBXFileReference; lastKnownFileType = sourcecode.swift; path = MainViewController.swift; sourceTree = "<group>"; };
		C4E048D1204C76A9007355E1 /* waveformsample.png */ = {isa = PBXFileReference; lastKnownFileType = image.png; path = waveformsample.png; sourceTree = "<group>"; };
		C4E987EA205C9306008FC728 /* Settings.swift */ = {isa = PBXFileReference; lastKnownFileType = sourcecode.swift; path = Settings.swift; sourceTree = "<group>"; };
		C4E98812205CA1B5008FC728 /* CircularTransition.swift */ = {isa = PBXFileReference; fileEncoding = 4; lastKnownFileType = sourcecode.swift; path = CircularTransition.swift; sourceTree = "<group>"; };
/* End PBXFileReference section */

/* Begin PBXFrameworksBuildPhase section */
		C42BB56B2041E08A00D7D4CF /* Frameworks */ = {
			isa = PBXFrameworksBuildPhase;
			buildActionMask = 2147483647;
			files = (
				5D5E9442213908FE001C052D /* SystemConfiguration.framework in Frameworks */,
				5D5E9440213908F0001C052D /* Security.framework in Frameworks */,
			);
			runOnlyForDeploymentPostprocessing = 0;
		};
		C42BB5822041E08A00D7D4CF /* Frameworks */ = {
			isa = PBXFrameworksBuildPhase;
			buildActionMask = 2147483647;
			files = (
			);
			runOnlyForDeploymentPostprocessing = 0;
		};
		C42BB58D2041E08A00D7D4CF /* Frameworks */ = {
			isa = PBXFrameworksBuildPhase;
			buildActionMask = 2147483647;
			files = (
			);
			runOnlyForDeploymentPostprocessing = 0;
		};
/* End PBXFrameworksBuildPhase section */

/* Begin PBXGroup section */
		5D7F3D542082CFB700F9D7F1 /* InfoPages */ = {
			isa = PBXGroup;
			children = (
				5D7F3D592082D30000F9D7F1 /* InitialInfoViewController.swift */,
				5D7F3D552082D2C000F9D7F1 /* ExpandInfoViewController.swift */,
				5D7F3D572082D2E900F9D7F1 /* BackgroundInfoViewController.swift */,
				5D7F3D5B2082D30F00F9D7F1 /* RecordInfoViewController.swift */,
			);
			path = InfoPages;
			sourceTree = "<group>";
		};
		8BB8E98B965539DFA942F224 /* Frameworks */ = {
			isa = PBXGroup;
			children = (
				5D5E9441213908FE001C052D /* SystemConfiguration.framework */,
				5D5E943F213908F0001C052D /* Security.framework */,
			);
			name = Frameworks;
			sourceTree = "<group>";
		};
		C42BB5652041E08A00D7D4CF = {
			isa = PBXGroup;
			children = (
				C42BB5702041E08A00D7D4CF /* Rewinder */,
				C42BB5882041E08A00D7D4CF /* RewinderTests */,
				C42BB5932041E08A00D7D4CF /* RewinderUITests */,
				C42BB56F2041E08A00D7D4CF /* Products */,
				8BB8E98B965539DFA942F224 /* Frameworks */,
			);
			sourceTree = "<group>";
		};
		C42BB56F2041E08A00D7D4CF /* Products */ = {
			isa = PBXGroup;
			children = (
				C42BB56E2041E08A00D7D4CF /* Rewinder.app */,
				C42BB5852041E08A00D7D4CF /* RewinderTests.xctest */,
				C42BB5902041E08A00D7D4CF /* RewinderUITests.xctest */,
			);
			name = Products;
			sourceTree = "<group>";
		};
		C42BB5702041E08A00D7D4CF /* Rewinder */ = {
			isa = PBXGroup;
			children = (
				C4C5FFCB2062F0D000A9EA1B /* ViewControllers */,
				C4C5FFCE2062F1A100A9EA1B /* Models */,
				C4C5FFCC2062F11100A9EA1B /* TableViewCells */,
				C4C5FFCD2062F15C00A9EA1B /* ViewTemplates */,
				C4C5FFCF2062F1B000A9EA1B /* Core Data */,
				C46E2BD92042138C001BE43A /* Assets.xcassets */,
				C4C524E520542E7F00C5DF95 /* Main.storyboard */,
				C42BB5712041E08A00D7D4CF /* AppDelegate.swift */,
				C42BB57D2041E08A00D7D4CF /* LaunchScreen.storyboard */,
				C42BB5802041E08A00D7D4CF /* Info.plist */,
				C42BB5782041E08A00D7D4CF /* Rewinder.xcdatamodeld */,
				C46E2BDB204222F1001BE43A /* Files */,
			);
			path = Rewinder;
			sourceTree = "<group>";
		};
		C42BB5882041E08A00D7D4CF /* RewinderTests */ = {
			isa = PBXGroup;
			children = (
				C42BB5892041E08A00D7D4CF /* RewinderTests.swift */,
				C42BB58B2041E08A00D7D4CF /* Info.plist */,
			);
			path = RewinderTests;
			sourceTree = "<group>";
		};
		C42BB5932041E08A00D7D4CF /* RewinderUITests */ = {
			isa = PBXGroup;
			children = (
				C42BB5942041E08A00D7D4CF /* RewinderUITests.swift */,
				C42BB5962041E08A00D7D4CF /* Info.plist */,
			);
			path = RewinderUITests;
			sourceTree = "<group>";
		};
		C46E2BDB204222F1001BE43A /* Files */ = {
			isa = PBXGroup;
			children = (
				C4E048D1204C76A9007355E1 /* waveformsample.png */,
			);
			path = Files;
			sourceTree = "<group>";
		};
		C4C5FFCB2062F0D000A9EA1B /* ViewControllers */ = {
			isa = PBXGroup;
			children = (
				C4C5FFC82062F0AE00A9EA1B /* MainViewController.swift */,
				5D77DD4A205397BE000FC2C3 /* HomeViewController.swift */,
				5D249A0C20538AAE00B65029 /* HighlightsViewController.swift */,
				C452530420428768000808A8 /* PageViewController.swift */,
				5DD7D5A7206DE58100D431C9 /* DeniedPermissionViewController.swift */,
				5D6924AB206EF6C8009B47B9 /* UndeterminedPermissionViewController.swift */,
				5DD19C542079EF5B0062A256 /* InPhoneCallViewController.swift */,
				5D7F3D522082CF4300F9D7F1 /* InfoPageViewController.swift */,
				5D7F3D542082CFB700F9D7F1 /* InfoPages */,
			);
			path = ViewControllers;
			sourceTree = "<group>";
		};
		C4C5FFCC2062F11100A9EA1B /* TableViewCells */ = {
			isa = PBXGroup;
			children = (
				5DF98002205C481300579F45 /* NormalHighlightCell.swift */,
				5DE1BC4D205FB6E90023BACC /* ExpandedHighlightCell.swift */,
				C4164245205DB43900658407 /* ContinueTableViewCell.swift */,
				C4164249205DB4E400658407 /* CustomLengthTableViewCell.swift */,
			);
			path = TableViewCells;
			sourceTree = "<group>";
		};
		C4C5FFCD2062F15C00A9EA1B /* ViewTemplates */ = {
			isa = PBXGroup;
			children = (
				C46D16B82042002600B1224D /* RoundButton.swift */,
				C46E908320607C9F00F63F96 /* FloatingActionButton.swift */,
				C4E98812205CA1B5008FC728 /* CircularTransition.swift */,
				5DABA9AF206C224100D2846F /* CustomPopupView.xib */,
				5DABA9AD206C213200D2846F /* CustomPopupView.swift */,
				5DABA9B3206C715400D2846F /* HighlightPlayerView.xib */,
				5DABA9B5206C71BA00D2846F /* HighlightPlayerView.swift */,
				5DD19C50207973330062A256 /* MultipleEditsView.xib */,
				5DD19C52207974320062A256 /* MultipleEditsView.swift */,
			);
			path = ViewTemplates;
			sourceTree = "<group>";
		};
		C4C5FFCE2062F1A100A9EA1B /* Models */ = {
			isa = PBXGroup;
			children = (
				5D8102A620424A7C00F62B37 /* Audio.swift */,
				C4E987EA205C9306008FC728 /* Settings.swift */,
			);
			path = Models;
			sourceTree = "<group>";
		};
		C4C5FFCF2062F1B000A9EA1B /* Core Data */ = {
			isa = PBXGroup;
			children = (
				5D79EFE2204F1599008DBC65 /* HighlightEntity+CoreDataProperties.swift */,
				5D79EFE1204F1599008DBC65 /* HighlightEntity+CoreDataClass.swift */,
			);
			path = "Core Data";
			sourceTree = "<group>";
		};
/* End PBXGroup section */

/* Begin PBXNativeTarget section */
		C42BB56D2041E08A00D7D4CF /* Rewinder */ = {
			isa = PBXNativeTarget;
			buildConfigurationList = C42BB5992041E08A00D7D4CF /* Build configuration list for PBXNativeTarget "Rewinder" */;
			buildPhases = (
				C42BB56A2041E08A00D7D4CF /* Sources */,
				C42BB56B2041E08A00D7D4CF /* Frameworks */,
				C42BB56C2041E08A00D7D4CF /* Resources */,
				5D249A1420538C0100B65029 /* Embed Frameworks */,
			);
			buildRules = (
			);
			dependencies = (
			);
			name = Rewinder;
			productName = Rewinder;
			productReference = C42BB56E2041E08A00D7D4CF /* Rewinder.app */;
			productType = "com.apple.product-type.application";
		};
		C42BB5842041E08A00D7D4CF /* RewinderTests */ = {
			isa = PBXNativeTarget;
			buildConfigurationList = C42BB59C2041E08A00D7D4CF /* Build configuration list for PBXNativeTarget "RewinderTests" */;
			buildPhases = (
				C42BB5812041E08A00D7D4CF /* Sources */,
				C42BB5822041E08A00D7D4CF /* Frameworks */,
				C42BB5832041E08A00D7D4CF /* Resources */,
			);
			buildRules = (
			);
			dependencies = (
				C42BB5872041E08A00D7D4CF /* PBXTargetDependency */,
			);
			name = RewinderTests;
			productName = RewinderTests;
			productReference = C42BB5852041E08A00D7D4CF /* RewinderTests.xctest */;
			productType = "com.apple.product-type.bundle.unit-test";
		};
		C42BB58F2041E08A00D7D4CF /* RewinderUITests */ = {
			isa = PBXNativeTarget;
			buildConfigurationList = C42BB59F2041E08A00D7D4CF /* Build configuration list for PBXNativeTarget "RewinderUITests" */;
			buildPhases = (
				C42BB58C2041E08A00D7D4CF /* Sources */,
				C42BB58D2041E08A00D7D4CF /* Frameworks */,
				C42BB58E2041E08A00D7D4CF /* Resources */,
			);
			buildRules = (
			);
			dependencies = (
				C42BB5922041E08A00D7D4CF /* PBXTargetDependency */,
			);
			name = RewinderUITests;
			productName = RewinderUITests;
			productReference = C42BB5902041E08A00D7D4CF /* RewinderUITests.xctest */;
			productType = "com.apple.product-type.bundle.ui-testing";
		};
/* End PBXNativeTarget section */

/* Begin PBXProject section */
		C42BB5662041E08A00D7D4CF /* Project object */ = {
			isa = PBXProject;
			attributes = {
				LastSwiftUpdateCheck = 0920;
				LastUpgradeCheck = 1200;
				ORGANIZATIONNAME = "Crossley Rozario";
				TargetAttributes = {
					C42BB56D2041E08A00D7D4CF = {
						CreatedOnToolsVersion = 9.2;
						LastSwiftMigration = 0920;
						ProvisioningStyle = Automatic;
						SystemCapabilities = {
							com.apple.BackgroundModes = {
								enabled = 1;
							};
						};
					};
					C42BB5842041E08A00D7D4CF = {
						CreatedOnToolsVersion = 9.2;
						ProvisioningStyle = Automatic;
						TestTargetID = C42BB56D2041E08A00D7D4CF;
					};
					C42BB58F2041E08A00D7D4CF = {
						CreatedOnToolsVersion = 9.2;
						ProvisioningStyle = Automatic;
						TestTargetID = C42BB56D2041E08A00D7D4CF;
					};
				};
			};
			buildConfigurationList = C42BB5692041E08A00D7D4CF /* Build configuration list for PBXProject "Rewinder" */;
			compatibilityVersion = "Xcode 8.0";
			developmentRegion = en;
			hasScannedForEncodings = 0;
			knownRegions = (
				en,
				Base,
			);
			mainGroup = C42BB5652041E08A00D7D4CF;
			productRefGroup = C42BB56F2041E08A00D7D4CF /* Products */;
			projectDirPath = "";
			projectRoot = "";
			targets = (
				C42BB56D2041E08A00D7D4CF /* Rewinder */,
				C42BB5842041E08A00D7D4CF /* RewinderTests */,
				C42BB58F2041E08A00D7D4CF /* RewinderUITests */,
			);
		};
/* End PBXProject section */

/* Begin PBXResourcesBuildPhase section */
		C42BB56C2041E08A00D7D4CF /* Resources */ = {
			isa = PBXResourcesBuildPhase;
			buildActionMask = 2147483647;
			files = (
				5DABA9B4206C715400D2846F /* HighlightPlayerView.xib in Resources */,
				C42BB57F2041E08A00D7D4CF /* LaunchScreen.storyboard in Resources */,
				C4C524E620542E7F00C5DF95 /* Main.storyboard in Resources */,
				C46E2BDA2042138C001BE43A /* Assets.xcassets in Resources */,
				C4E048D2204C76A9007355E1 /* waveformsample.png in Resources */,
				5DABA9B0206C224100D2846F /* CustomPopupView.xib in Resources */,
				5DD19C51207973330062A256 /* MultipleEditsView.xib in Resources */,
			);
			runOnlyForDeploymentPostprocessing = 0;
		};
		C42BB5832041E08A00D7D4CF /* Resources */ = {
			isa = PBXResourcesBuildPhase;
			buildActionMask = 2147483647;
			files = (
			);
			runOnlyForDeploymentPostprocessing = 0;
		};
		C42BB58E2041E08A00D7D4CF /* Resources */ = {
			isa = PBXResourcesBuildPhase;
			buildActionMask = 2147483647;
			files = (
			);
			runOnlyForDeploymentPostprocessing = 0;
		};
/* End PBXResourcesBuildPhase section */

/* Begin PBXSourcesBuildPhase section */
		C42BB56A2041E08A00D7D4CF /* Sources */ = {
			isa = PBXSourcesBuildPhase;
			buildActionMask = 2147483647;
			files = (
				5D8102A720424A7C00F62B37 /* Audio.swift in Sources */,
				C4E98813205CA1B5008FC728 /* CircularTransition.swift in Sources */,
				5DD19C53207974320062A256 /* MultipleEditsView.swift in Sources */,
				C42BB57A2041E08A00D7D4CF /* Rewinder.xcdatamodeld in Sources */,
				C46E908420607C9F00F63F96 /* FloatingActionButton.swift in Sources */,
				5D6924AC206EF6C8009B47B9 /* UndeterminedPermissionViewController.swift in Sources */,
				C4E987EB205C9306008FC728 /* Settings.swift in Sources */,
				C4164246205DB43900658407 /* ContinueTableViewCell.swift in Sources */,
				5DD19C552079EF5B0062A256 /* InPhoneCallViewController.swift in Sources */,
				5D7F3D562082D2C000F9D7F1 /* ExpandInfoViewController.swift in Sources */,
				5D79EFE4204F1599008DBC65 /* HighlightEntity+CoreDataProperties.swift in Sources */,
				C4C5FFC92062F0AE00A9EA1B /* MainViewController.swift in Sources */,
				5D7F3D582082D2E900F9D7F1 /* BackgroundInfoViewController.swift in Sources */,
				5DD7D5A8206DE58100D431C9 /* DeniedPermissionViewController.swift in Sources */,
				C46D16B92042002600B1224D /* RoundButton.swift in Sources */,
				5DE1BC4E205FB6E90023BACC /* ExpandedHighlightCell.swift in Sources */,
				C42BB5722041E08A00D7D4CF /* AppDelegate.swift in Sources */,
				5D7F3D532082CF4300F9D7F1 /* InfoPageViewController.swift in Sources */,
				5DF98003205C481300579F45 /* NormalHighlightCell.swift in Sources */,
				5D7F3D5C2082D30F00F9D7F1 /* RecordInfoViewController.swift in Sources */,
				5DABA9AE206C213200D2846F /* CustomPopupView.swift in Sources */,
				5D7F3D5A2082D30000F9D7F1 /* InitialInfoViewController.swift in Sources */,
				C452530520428768000808A8 /* PageViewController.swift in Sources */,
				C416424A205DB4E400658407 /* CustomLengthTableViewCell.swift in Sources */,
				5DABA9B6206C71BA00D2846F /* HighlightPlayerView.swift in Sources */,
				5D77DD4B205397BE000FC2C3 /* HomeViewController.swift in Sources */,
				5D79EFE3204F1599008DBC65 /* HighlightEntity+CoreDataClass.swift in Sources */,
				5D249A0D20538AAE00B65029 /* HighlightsViewController.swift in Sources */,
			);
			runOnlyForDeploymentPostprocessing = 0;
		};
		C42BB5812041E08A00D7D4CF /* Sources */ = {
			isa = PBXSourcesBuildPhase;
			buildActionMask = 2147483647;
			files = (
				C42BB58A2041E08A00D7D4CF /* RewinderTests.swift in Sources */,
			);
			runOnlyForDeploymentPostprocessing = 0;
		};
		C42BB58C2041E08A00D7D4CF /* Sources */ = {
			isa = PBXSourcesBuildPhase;
			buildActionMask = 2147483647;
			files = (
				C42BB5952041E08A00D7D4CF /* RewinderUITests.swift in Sources */,
			);
			runOnlyForDeploymentPostprocessing = 0;
		};
/* End PBXSourcesBuildPhase section */

/* Begin PBXTargetDependency section */
		C42BB5872041E08A00D7D4CF /* PBXTargetDependency */ = {
			isa = PBXTargetDependency;
			target = C42BB56D2041E08A00D7D4CF /* Rewinder */;
			targetProxy = C42BB5862041E08A00D7D4CF /* PBXContainerItemProxy */;
		};
		C42BB5922041E08A00D7D4CF /* PBXTargetDependency */ = {
			isa = PBXTargetDependency;
			target = C42BB56D2041E08A00D7D4CF /* Rewinder */;
			targetProxy = C42BB5912041E08A00D7D4CF /* PBXContainerItemProxy */;
		};
/* End PBXTargetDependency section */

/* Begin PBXVariantGroup section */
		C42BB57D2041E08A00D7D4CF /* LaunchScreen.storyboard */ = {
			isa = PBXVariantGroup;
			children = (
				C42BB57E2041E08A00D7D4CF /* Base */,
			);
			name = LaunchScreen.storyboard;
			sourceTree = "<group>";
		};
/* End PBXVariantGroup section */

/* Begin XCBuildConfiguration section */
		C42BB5972041E08A00D7D4CF /* Debug */ = {
			isa = XCBuildConfiguration;
			buildSettings = {
				ALWAYS_SEARCH_USER_PATHS = NO;
				BUILD_LIBRARY_FOR_DISTRIBUTION = NO;
				CLANG_ANALYZER_NONNULL = YES;
				CLANG_ANALYZER_NUMBER_OBJECT_CONVERSION = YES_AGGRESSIVE;
				CLANG_CXX_LANGUAGE_STANDARD = "gnu++14";
				CLANG_CXX_LIBRARY = "libc++";
				CLANG_ENABLE_MODULES = YES;
				CLANG_ENABLE_OBJC_ARC = YES;
				CLANG_WARN_BLOCK_CAPTURE_AUTORELEASING = YES;
				CLANG_WARN_BOOL_CONVERSION = YES;
				CLANG_WARN_COMMA = YES;
				CLANG_WARN_CONSTANT_CONVERSION = YES;
				CLANG_WARN_DEPRECATED_OBJC_IMPLEMENTATIONS = YES;
				CLANG_WARN_DIRECT_OBJC_ISA_USAGE = YES_ERROR;
				CLANG_WARN_DOCUMENTATION_COMMENTS = YES;
				CLANG_WARN_EMPTY_BODY = YES;
				CLANG_WARN_ENUM_CONVERSION = YES;
				CLANG_WARN_INFINITE_RECURSION = YES;
				CLANG_WARN_INT_CONVERSION = YES;
				CLANG_WARN_NON_LITERAL_NULL_CONVERSION = YES;
				CLANG_WARN_OBJC_IMPLICIT_RETAIN_SELF = YES;
				CLANG_WARN_OBJC_LITERAL_CONVERSION = YES;
				CLANG_WARN_OBJC_ROOT_CLASS = YES_ERROR;
				CLANG_WARN_QUOTED_INCLUDE_IN_FRAMEWORK_HEADER = YES;
				CLANG_WARN_RANGE_LOOP_ANALYSIS = YES;
				CLANG_WARN_STRICT_PROTOTYPES = YES;
				CLANG_WARN_SUSPICIOUS_MOVE = YES;
				CLANG_WARN_UNGUARDED_AVAILABILITY = YES_AGGRESSIVE;
				CLANG_WARN_UNREACHABLE_CODE = YES;
				CLANG_WARN__DUPLICATE_METHOD_MATCH = YES;
				CODE_SIGN_IDENTITY = "iPhone Developer";
				COPY_PHASE_STRIP = NO;
				DEBUG_INFORMATION_FORMAT = dwarf;
				ENABLE_STRICT_OBJC_MSGSEND = YES;
				ENABLE_TESTABILITY = YES;
				GCC_C_LANGUAGE_STANDARD = gnu11;
				GCC_DYNAMIC_NO_PIC = NO;
				GCC_NO_COMMON_BLOCKS = YES;
				GCC_OPTIMIZATION_LEVEL = 0;
				GCC_PREPROCESSOR_DEFINITIONS = (
					"DEBUG=1",
					"$(inherited)",
				);
				GCC_WARN_64_TO_32_BIT_CONVERSION = YES;
				GCC_WARN_ABOUT_RETURN_TYPE = YES_ERROR;
				GCC_WARN_UNDECLARED_SELECTOR = YES;
				GCC_WARN_UNINITIALIZED_AUTOS = YES_AGGRESSIVE;
				GCC_WARN_UNUSED_FUNCTION = YES;
				GCC_WARN_UNUSED_VARIABLE = YES;
				IPHONEOS_DEPLOYMENT_TARGET = 13.5;
				MTL_ENABLE_DEBUG_INFO = YES;
				ONLY_ACTIVE_ARCH = YES;
				SDKROOT = iphoneos;
				SWIFT_ACTIVE_COMPILATION_CONDITIONS = DEBUG;
				SWIFT_OPTIMIZATION_LEVEL = "-Onone";
				SWIFT_VERSION = 5.0;
			};
			name = Debug;
		};
		C42BB5982041E08A00D7D4CF /* Release */ = {
			isa = XCBuildConfiguration;
			buildSettings = {
				ALWAYS_SEARCH_USER_PATHS = NO;
				BUILD_LIBRARY_FOR_DISTRIBUTION = NO;
				CLANG_ANALYZER_NONNULL = YES;
				CLANG_ANALYZER_NUMBER_OBJECT_CONVERSION = YES_AGGRESSIVE;
				CLANG_CXX_LANGUAGE_STANDARD = "gnu++14";
				CLANG_CXX_LIBRARY = "libc++";
				CLANG_ENABLE_MODULES = YES;
				CLANG_ENABLE_OBJC_ARC = YES;
				CLANG_WARN_BLOCK_CAPTURE_AUTORELEASING = YES;
				CLANG_WARN_BOOL_CONVERSION = YES;
				CLANG_WARN_COMMA = YES;
				CLANG_WARN_CONSTANT_CONVERSION = YES;
				CLANG_WARN_DEPRECATED_OBJC_IMPLEMENTATIONS = YES;
				CLANG_WARN_DIRECT_OBJC_ISA_USAGE = YES_ERROR;
				CLANG_WARN_DOCUMENTATION_COMMENTS = YES;
				CLANG_WARN_EMPTY_BODY = YES;
				CLANG_WARN_ENUM_CONVERSION = YES;
				CLANG_WARN_INFINITE_RECURSION = YES;
				CLANG_WARN_INT_CONVERSION = YES;
				CLANG_WARN_NON_LITERAL_NULL_CONVERSION = YES;
				CLANG_WARN_OBJC_IMPLICIT_RETAIN_SELF = YES;
				CLANG_WARN_OBJC_LITERAL_CONVERSION = YES;
				CLANG_WARN_OBJC_ROOT_CLASS = YES_ERROR;
				CLANG_WARN_QUOTED_INCLUDE_IN_FRAMEWORK_HEADER = YES;
				CLANG_WARN_RANGE_LOOP_ANALYSIS = YES;
				CLANG_WARN_STRICT_PROTOTYPES = YES;
				CLANG_WARN_SUSPICIOUS_MOVE = YES;
				CLANG_WARN_UNGUARDED_AVAILABILITY = YES_AGGRESSIVE;
				CLANG_WARN_UNREACHABLE_CODE = YES;
				CLANG_WARN__DUPLICATE_METHOD_MATCH = YES;
				CODE_SIGN_IDENTITY = "iPhone Developer";
				COPY_PHASE_STRIP = NO;
				DEBUG_INFORMATION_FORMAT = "dwarf-with-dsym";
				ENABLE_NS_ASSERTIONS = NO;
				ENABLE_STRICT_OBJC_MSGSEND = YES;
				GCC_C_LANGUAGE_STANDARD = gnu11;
				GCC_NO_COMMON_BLOCKS = YES;
				GCC_WARN_64_TO_32_BIT_CONVERSION = YES;
				GCC_WARN_ABOUT_RETURN_TYPE = YES_ERROR;
				GCC_WARN_UNDECLARED_SELECTOR = YES;
				GCC_WARN_UNINITIALIZED_AUTOS = YES_AGGRESSIVE;
				GCC_WARN_UNUSED_FUNCTION = YES;
				GCC_WARN_UNUSED_VARIABLE = YES;
				IPHONEOS_DEPLOYMENT_TARGET = 13.5;
				MTL_ENABLE_DEBUG_INFO = NO;
				SDKROOT = iphoneos;
				SWIFT_OPTIMIZATION_LEVEL = "-Owholemodule";
				SWIFT_VERSION = 5.0;
				VALIDATE_PRODUCT = YES;
			};
			name = Release;
		};
		C42BB59A2041E08A00D7D4CF /* Debug */ = {
			isa = XCBuildConfiguration;
			buildSettings = {
				ASSETCATALOG_COMPILER_APPICON_NAME = AppIcon;
				CLANG_ENABLE_MODULES = YES;
				CODE_SIGN_STYLE = Automatic;
				DEVELOPMENT_TEAM = QFV2NQCR94;
				INFOPLIST_FILE = Rewinder/Info.plist;
				IPHONEOS_DEPLOYMENT_TARGET = 12.0;
				LD_RUNPATH_SEARCH_PATHS = "$(inherited) @executable_path/Frameworks";
				OTHER_LDFLAGS = (
					"$(inherited)",
					"-ObjC",
					"-l\"stdc++\"",
					"-framework",
					"\"AVFoundation\"",
					"-framework",
					"\"CoreText\"",
					"-framework",
					"\"SafariServices\"",
					"-framework",
					"\"Security\"",
				);
				PRODUCT_BUNDLE_IDENTIFIER = brozario.com;
				PRODUCT_NAME = "$(TARGET_NAME)";
				SWIFT_OBJC_BRIDGING_HEADER = "";
				SWIFT_OPTIMIZATION_LEVEL = "-Onone";
				SWIFT_PRECOMPILE_BRIDGING_HEADER = NO;
				SWIFT_VERSION = 4.0;
				TARGETED_DEVICE_FAMILY = "1,2";
			};
			name = Debug;
		};
		C42BB59B2041E08A00D7D4CF /* Release */ = {
			isa = XCBuildConfiguration;
			buildSettings = {
				ASSETCATALOG_COMPILER_APPICON_NAME = AppIcon;
				CLANG_ENABLE_MODULES = YES;
				CODE_SIGN_STYLE = Automatic;
				DEVELOPMENT_TEAM = QFV2NQCR94;
				INFOPLIST_FILE = Rewinder/Info.plist;
				IPHONEOS_DEPLOYMENT_TARGET = 12.0;
				LD_RUNPATH_SEARCH_PATHS = "$(inherited) @executable_path/Frameworks";
				OTHER_LDFLAGS = (
					"$(inherited)",
					"-ObjC",
					"-l\"stdc++\"",
					"-framework",
					"\"AVFoundation\"",
					"-framework",
					"\"CoreText\"",
					"-framework",
					"\"SafariServices\"",
					"-framework",
					"\"Security\"",
				);
				PRODUCT_BUNDLE_IDENTIFIER = brozario.com;
				PRODUCT_NAME = "$(TARGET_NAME)";
				SWIFT_OBJC_BRIDGING_HEADER = "";
				SWIFT_PRECOMPILE_BRIDGING_HEADER = NO;
				SWIFT_VERSION = 4.0;
				TARGETED_DEVICE_FAMILY = "1,2";
			};
			name = Release;
		};
		C42BB59D2041E08A00D7D4CF /* Debug */ = {
			isa = XCBuildConfiguration;
			buildSettings = {
				ALWAYS_EMBED_SWIFT_STANDARD_LIBRARIES = YES;
				BUNDLE_LOADER = "$(TEST_HOST)";
				CODE_SIGN_STYLE = Automatic;
				DEVELOPMENT_TEAM = QFV2NQCR94;
				INFOPLIST_FILE = RewinderTests/Info.plist;
				LD_RUNPATH_SEARCH_PATHS = "$(inherited) @executable_path/Frameworks @loader_path/Frameworks";
				PRODUCT_BUNDLE_IDENTIFIER = tech.crozario.RewinderTests;
				PRODUCT_NAME = "$(TARGET_NAME)";
				SWIFT_VERSION = 4.0;
				TARGETED_DEVICE_FAMILY = "1,2";
				TEST_HOST = "$(BUILT_PRODUCTS_DIR)/Rewinder.app/Rewinder";
			};
			name = Debug;
		};
		C42BB59E2041E08A00D7D4CF /* Release */ = {
			isa = XCBuildConfiguration;
			buildSettings = {
				ALWAYS_EMBED_SWIFT_STANDARD_LIBRARIES = YES;
				BUNDLE_LOADER = "$(TEST_HOST)";
				CODE_SIGN_STYLE = Automatic;
				DEVELOPMENT_TEAM = QFV2NQCR94;
				INFOPLIST_FILE = RewinderTests/Info.plist;
				LD_RUNPATH_SEARCH_PATHS = "$(inherited) @executable_path/Frameworks @loader_path/Frameworks";
				PRODUCT_BUNDLE_IDENTIFIER = tech.crozario.RewinderTests;
				PRODUCT_NAME = "$(TARGET_NAME)";
				SWIFT_VERSION = 4.0;
				TARGETED_DEVICE_FAMILY = "1,2";
				TEST_HOST = "$(BUILT_PRODUCTS_DIR)/Rewinder.app/Rewinder";
			};
			name = Release;
		};
		C42BB5A02041E08A00D7D4CF /* Debug */ = {
			isa = XCBuildConfiguration;
			buildSettings = {
				ALWAYS_EMBED_SWIFT_STANDARD_LIBRARIES = YES;
				"CODE_SIGN_IDENTITY[sdk=macosx*]" = "Apple Development";
				CODE_SIGN_STYLE = Automatic;
				DEVELOPMENT_TEAM = QFV2NQCR94;
				INFOPLIST_FILE = RewinderUITests/Info.plist;
				LD_RUNPATH_SEARCH_PATHS = "$(inherited) @executable_path/Frameworks @loader_path/Frameworks";
				PRODUCT_BUNDLE_IDENTIFIER = tech.crozario.RewinderUITests;
				PRODUCT_NAME = "$(TARGET_NAME)";
				SWIFT_VERSION = 4.0;
				TARGETED_DEVICE_FAMILY = "1,2";
				TEST_TARGET_NAME = Rewinder;
			};
			name = Debug;
		};
		C42BB5A12041E08A00D7D4CF /* Release */ = {
			isa = XCBuildConfiguration;
			buildSettings = {
				ALWAYS_EMBED_SWIFT_STANDARD_LIBRARIES = YES;
				"CODE_SIGN_IDENTITY[sdk=macosx*]" = "Apple Development";
				CODE_SIGN_STYLE = Automatic;
				DEVELOPMENT_TEAM = QFV2NQCR94;
				INFOPLIST_FILE = RewinderUITests/Info.plist;
				LD_RUNPATH_SEARCH_PATHS = "$(inherited) @executable_path/Frameworks @loader_path/Frameworks";
				PRODUCT_BUNDLE_IDENTIFIER = tech.crozario.RewinderUITests;
				PRODUCT_NAME = "$(TARGET_NAME)";
				SWIFT_VERSION = 4.0;
				TARGETED_DEVICE_FAMILY = "1,2";
				TEST_TARGET_NAME = Rewinder;
			};
			name = Release;
		};
/* End XCBuildConfiguration section */

/* Begin XCConfigurationList section */
		C42BB5692041E08A00D7D4CF /* Build configuration list for PBXProject "Rewinder" */ = {
			isa = XCConfigurationList;
			buildConfigurations = (
				C42BB5972041E08A00D7D4CF /* Debug */,
				C42BB5982041E08A00D7D4CF /* Release */,
			);
			defaultConfigurationIsVisible = 0;
			defaultConfigurationName = Release;
		};
		C42BB5992041E08A00D7D4CF /* Build configuration list for PBXNativeTarget "Rewinder" */ = {
			isa = XCConfigurationList;
			buildConfigurations = (
				C42BB59A2041E08A00D7D4CF /* Debug */,
				C42BB59B2041E08A00D7D4CF /* Release */,
			);
			defaultConfigurationIsVisible = 0;
			defaultConfigurationName = Release;
		};
		C42BB59C2041E08A00D7D4CF /* Build configuration list for PBXNativeTarget "RewinderTests" */ = {
			isa = XCConfigurationList;
			buildConfigurations = (
				C42BB59D2041E08A00D7D4CF /* Debug */,
				C42BB59E2041E08A00D7D4CF /* Release */,
			);
			defaultConfigurationIsVisible = 0;
			defaultConfigurationName = Release;
		};
		C42BB59F2041E08A00D7D4CF /* Build configuration list for PBXNativeTarget "RewinderUITests" */ = {
			isa = XCConfigurationList;
			buildConfigurations = (
				C42BB5A02041E08A00D7D4CF /* Debug */,
				C42BB5A12041E08A00D7D4CF /* Release */,
			);
			defaultConfigurationIsVisible = 0;
			defaultConfigurationName = Release;
		};
/* End XCConfigurationList section */

/* Begin XCVersionGroup section */
		C42BB5782041E08A00D7D4CF /* Rewinder.xcdatamodeld */ = {
			isa = XCVersionGroup;
			children = (
				C42BB5792041E08A00D7D4CF /* Rewinder.xcdatamodel */,
			);
			currentVersion = C42BB5792041E08A00D7D4CF /* Rewinder.xcdatamodel */;
			path = Rewinder.xcdatamodeld;
			sourceTree = "<group>";
			versionGroupType = wrapper.xcdatamodel;
		};
/* End XCVersionGroup section */
	};
	rootObject = C42BB5662041E08A00D7D4CF /* Project object */;
}
